# This file is automatically @generated by Cargo.
# It is not intended for manual editing.
version = 4

[[package]]
name = "puzzle-grid"
version = "0.1.0"
source = "git+https://github.com/aji/puzzle-grid.git#238056f14ea2f2490b0ac0e6a4bd1ac9612a9c9e"

[[package]]
name = "pzpr-codec"
version = "0.1.0"
dependencies = [
 "puzzle-grid",
]
